// !$*UTF8*$!
{
	archiveVersion = 1;
	classes = {
	};
	objectVersion = 56;
	objects = {
		01630C8C848906EF7D743E6F /* Audio */ = {
			isa = PBXGroup;
			children = (
				6A1305AF7B14903CB18968A3 /* AudioEngine.swift */,
				7F179F321DD7B92B692FF708 /* DSP.swift */,
				93E144F05C3D750B0907690F /* Renderer.swift */,
				73A3D596670CDEE40848A039 /* Textures.swift */,
			);
			path = Audio;
			sourceTree = "<group>";
		};
		04D708F3A6365FAF5DFC720E /* PlayerController.swift in Sources-app */ = {isa = PBXBuildFile; fileRef = 4D1190C32950849ADCFFB461 /* PlayerController.swift */; };
		05F8975037B8B95F2F59C29F /* SoundCatalog.swift in Sources-app */ = {isa = PBXBuildFile; fileRef = BB24C74A95285E7427A5B78D /* SoundCatalog.swift */; };
		0676CFFDA5ADF25847BA6C86 /* SharedState.swift */ = {isa = PBXFileReference; lastKnownFileType = sourcecode.swift; path = SharedState.swift; sourceTree = "<group>"; };
		07990DC159C2290FD1631CB2 /* Theme.swift in Sources-app */ = {isa = PBXBuildFile; fileRef = C5F941F32786CE33C51BCE61 /* Theme.swift */; };
		088A77B1655E183A232FF318 /* SleepTimerActivity.swift */ = {isa = PBXFileReference; lastKnownFileType = sourcecode.swift; path = SleepTimerActivity.swift; sourceTree = "<group>"; };
		08A0C071BD45562BD61988FA /* SharedState.swift in Sources-app */ = {isa = PBXBuildFile; fileRef = 0676CFFDA5ADF25847BA6C86 /* SharedState.swift */; };
		0F89527838B1B28A15F8561F /* BedsideView.swift */ = {isa = PBXFileReference; lastKnownFileType = sourcecode.swift; path = BedsideView.swift; sourceTree = "<group>"; };
		1100EC9AE92EFFAE27F866A8 /* HushIntents.swift in Sources-ext */ = {isa = PBXBuildFile; fileRef = B85900B251C489190ECB1EF4 /* HushIntents.swift */; };
		12AD5CED1C8EB74B56196A01 /* AlarmNotifications.swift */ = {isa = PBXFileReference; lastKnownFileType = sourcecode.swift; path = AlarmNotifications.swift; sourceTree = "<group>"; };
		1369DD924D2F7341DF644FA1 /* HushWidgets.appex */ = {isa = PBXFileReference; explicitFileType = "wrapper.app-extension"; includeInIndex = 0; path = HushWidgets.appex; sourceTree = BUILT_PRODUCTS_DIR; };
		13D58F750C9F7A867F986420 /* Frameworks */ = {
			isa = PBXFrameworksBuildPhase;
			buildActionMask = 2147483647;
			files = (
			);
			runOnlyForDeploymentPostprocessing = 0;
		};
		157B5DFCB994D637E6F8628C /* Build configuration list for ext */ = {
			isa = XCConfigurationList;
			buildConfigurations = (
				A4F26FAF97A8095E609EACFB /* Debug */,
				888EA2EE1AE6D7A8440DE5BB /* Release */,
			);
			defaultConfigurationIsVisible = 0;
			defaultConfigurationName = Release;
		};
		1B93A0FBAA8E4DFEFED7C0E0 /* SoundsView.swift */ = {isa = PBXFileReference; lastKnownFileType = sourcecode.swift; path = SoundsView.swift; sourceTree = "<group>"; };
		244210E48437B6556980A702 /* Project object */ = {
			isa = PBXProject;
			attributes = {
				BuildIndependentTargetsInParallel = 1;
				LastSwiftUpdateCheck = 1620;
				LastUpgradeCheck = 1620;
				TargetAttributes = {
					8C1A045E96B998B40533C7FF = {
						CreatedOnToolsVersion = 16.2;
					};
					82F876CF2687B22D6A4DB42E = {
						CreatedOnToolsVersion = 16.2;
					};
				};
			};
			buildConfigurationList = 9F6B1A7BCFF26D263B843F95;
			compatibilityVersion = "Xcode 14.0";
			developmentRegion = en;
			hasScannedForEncodings = 0;
			knownRegions = (
				en,
				Base,
			);
			mainGroup = AA0596BBDB4DCC95D5D4F10C;
			minimizedProjectReferenceProxies = 1;
			productRefGroup = 6F7199ED7B63CDA338A0FB82 /* Products */;
			projectDirPath = "";
			projectRoot = "";
			targets = (
				8C1A045E96B998B40533C7FF /* Hush */,
				82F876CF2687B22D6A4DB42E /* HushWidgets */,
			);
		};
		2548997D93F176A26D8E4E90 /* HushApp.swift in Sources-app */ = {isa = PBXBuildFile; fileRef = 8165C7E2715C51745F80A4AE /* HushApp.swift */; };
		2B885CA0C5A1E69BBB5BA409 /* BreathingBackdrop.swift in Sources-app */ = {isa = PBXBuildFile; fileRef = BFA2132E02EE16E461E3A9DB /* BreathingBackdrop.swift */; };
		2C0491586E17173B9AE989DC /* Haptics.swift in Sources-app */ = {isa = PBXBuildFile; fileRef = AD7FFC6F7FF0B9A7C413F34B /* Haptics.swift */; };
		2D35DC6DCCC1023D43F6533E /* Journal.swift in Sources-app */ = {isa = PBXBuildFile; fileRef = E0616E7B6D876B1C9AB16482 /* Journal.swift */; };
		34B871794CDAC8D5E75472EB /* NowView.swift */ = {isa = PBXFileReference; lastKnownFileType = sourcecode.swift; path = NowView.swift; sourceTree = "<group>"; };
		3755B2052C616D9637FEB313 /* MixesView.swift */ = {isa = PBXFileReference; lastKnownFileType = sourcecode.swift; path = MixesView.swift; sourceTree = "<group>"; };
		38CC1EBAFEE0F6B477A61CB7 /* Library.swift */ = {isa = PBXFileReference; lastKnownFileType = sourcecode.swift; path = Library.swift; sourceTree = "<group>"; };
		3975D8EDCE401413F5D7ECB2 /* Hush */ = {
			isa = PBXGroup;
			children = (
				01630C8C848906EF7D743E6F /* Audio */,
				BE20DE3A14213AA478796819 /* Intents */,
				FC77337805E59E333EA8C1C9 /* Model */,
				4B507E8DBBEA4624C081A08B /* Player */,
				3A2F330068F4988A035BBF28 /* Support */,
				FC3E3BC4EF464435E69F6651 /* Views */,
				8E5E5443B815C0A9A8AF39A4 /* Assets.xcassets */,
				6ABCF04E3E1163C2DF42D91F /* Hush.entitlements */,
				8165C7E2715C51745F80A4AE /* HushApp.swift */,
				60F468D274B2923D32C804DD /* Info.plist */,
			);
			path = Hush;
			sourceTree = "<group>";
		};
		3A2F330068F4988A035BBF28 /* Support */ = {
			isa = PBXGroup;
			children = (
				AD7FFC6F7FF0B9A7C413F34B /* Haptics.swift */,
				B996ECD33946555F3A958AA2 /* WidgetRefresher.swift */,
			);
			path = Support;
			sourceTree = "<group>";
		};
		48CC370140DB357E693A673D /* HushWidgetsBundle.swift in Sources-ext */ = {isa = PBXBuildFile; fileRef = 952934C5F561C757DC607802 /* HushWidgetsBundle.swift */; };
		4A1EE5B27179FFD578D6B8BB /* AlarmOverlay.swift in Sources-app */ = {isa = PBXBuildFile; fileRef = BD388B391D4830857411A0A4 /* AlarmOverlay.swift */; };
		4B507E8DBBEA4624C081A08B /* Player */ = {
			isa = PBXGroup;
			children = (
				12AD5CED1C8EB74B56196A01 /* AlarmNotifications.swift */,
				767467B460279FC342A55349 /* HealthWriter.swift */,
				70232BCDA04F75922108FBA0 /* LiveActivityController.swift */,
				D011674C10791C501B373EE7 /* NowPlayingCenter.swift */,
				4D1190C32950849ADCFFB461 /* PlayerController.swift */,
			);
			path = Player;
			sourceTree = "<group>";
		};
		4D1190C32950849ADCFFB461 /* PlayerController.swift */ = {isa = PBXFileReference; lastKnownFileType = sourcecode.swift; path = PlayerController.swift; sourceTree = "<group>"; };
		5680B823D8A135F1D22C2A94 /* Debug */ = {
			isa = XCBuildConfiguration;
			buildSettings = {
				ALWAYS_SEARCH_USER_PATHS = NO;
				CLANG_ANALYZER_NONNULL = YES;
				CLANG_ENABLE_MODULES = YES;
				CLANG_ENABLE_OBJC_ARC = YES;
				CLANG_WARN_DOCUMENTATION_COMMENTS = YES;
				CLANG_WARN_UNGUARDED_AVAILABILITY = YES_AGGRESSIVE;
				COPY_PHASE_STRIP = NO;
				DEBUG_INFORMATION_FORMAT = dwarf;
				ENABLE_STRICT_OBJC_MSGSEND = YES;
				ENABLE_TESTABILITY = YES;
				ENABLE_USER_SCRIPT_SANDBOXING = YES;
				GCC_C_LANGUAGE_STANDARD = gnu17;
				GCC_DYNAMIC_NO_PIC = NO;
				GCC_NO_COMMON_BLOCKS = YES;
				GCC_OPTIMIZATION_LEVEL = 0;
				GCC_PREPROCESSOR_DEFINITIONS = (
					"DEBUG=1",
					"$(inherited)",
				);
				IPHONEOS_DEPLOYMENT_TARGET = 18.0;
				LOCALIZATION_PREFERS_STRING_CATALOGS = YES;
				MTL_ENABLE_DEBUG_INFO = INCLUDE_SOURCE;
				MTL_FAST_MATH = YES;
				ONLY_ACTIVE_ARCH = YES;
				SDKROOT = iphoneos;
				SWIFT_ACTIVE_COMPILATION_CONDITIONS = "DEBUG $(inherited)";
				SWIFT_OPTIMIZATION_LEVEL = "-Onone";
				SWIFT_STRICT_CONCURRENCY = minimal;
				SWIFT_VERSION = 5.0;
			};
			name = Debug;
		};
		5894304C6621B4472120997A /* AlarmNotifications.swift in Sources-app */ = {isa = PBXBuildFile; fileRef = 12AD5CED1C8EB74B56196A01 /* AlarmNotifications.swift */; };
		58FBB177C49860E43AD7E92A /* Release */ = {
			isa = XCBuildConfiguration;
			buildSettings = {
				ALWAYS_SEARCH_USER_PATHS = NO;
				CLANG_ANALYZER_NONNULL = YES;
				CLANG_ENABLE_MODULES = YES;
				CLANG_ENABLE_OBJC_ARC = YES;
				CLANG_WARN_DOCUMENTATION_COMMENTS = YES;
				CLANG_WARN_UNGUARDED_AVAILABILITY = YES_AGGRESSIVE;
				COPY_PHASE_STRIP = NO;
				DEBUG_INFORMATION_FORMAT = "dwarf-with-dsym";
				ENABLE_NS_ASSERTIONS = NO;
				ENABLE_STRICT_OBJC_MSGSEND = YES;
				ENABLE_USER_SCRIPT_SANDBOXING = YES;
				GCC_C_LANGUAGE_STANDARD = gnu17;
				GCC_NO_COMMON_BLOCKS = YES;
				IPHONEOS_DEPLOYMENT_TARGET = 18.0;
				LOCALIZATION_PREFERS_STRING_CATALOGS = YES;
				MTL_ENABLE_DEBUG_INFO = NO;
				MTL_FAST_MATH = YES;
				SDKROOT = iphoneos;
				SWIFT_COMPILATION_MODE = wholemodule;
				SWIFT_STRICT_CONCURRENCY = minimal;
				SWIFT_VERSION = 5.0;
				VALIDATE_PRODUCT = YES;
			};
			name = Release;
		};
		5966360017D0790512C3A4A4 /* Frameworks */ = {
			isa = PBXFrameworksBuildPhase;
			buildActionMask = 2147483647;
			files = (
			);
			runOnlyForDeploymentPostprocessing = 0;
		};
		5BF39E041A8BE02762A02FBD /* NowPlayingCenter.swift in Sources-app */ = {isa = PBXBuildFile; fileRef = D011674C10791C501B373EE7 /* NowPlayingCenter.swift */; };
		5D32D499D7738AB763D0FB39 /* Build configuration list for app */ = {
			isa = XCConfigurationList;
			buildConfigurations = (
				EF19C69A107C529BF28BA8D4 /* Debug */,
				ECD3FF0D57E2FBF8BE98DC29 /* Release */,
			);
			defaultConfigurationIsVisible = 0;
			defaultConfigurationName = Release;
		};
		608FEB5D456BE9FDAB3CD9CB /* HushControl.swift in Sources-ext */ = {isa = PBXBuildFile; fileRef = BA5DB1BA33AFB48E746E13EA /* HushControl.swift */; };
		60F468D274B2923D32C804DD /* Info.plist */ = {isa = PBXFileReference; lastKnownFileType = text.plist.xml; path = Info.plist; sourceTree = "<group>"; };
		624116544C9B92EF77B83BA5 /* Info.plist */ = {isa = PBXFileReference; lastKnownFileType = text.plist.xml; path = Info.plist; sourceTree = "<group>"; };
		66071F69993BEE90CF0DA731 /* Formatters.swift in Sources-ext */ = {isa = PBXBuildFile; fileRef = 7F3366930C3A2335A7B6A5DD /* Formatters.swift */; };
		6A1305AF7B14903CB18968A3 /* AudioEngine.swift */ = {isa = PBXFileReference; lastKnownFileType = sourcecode.swift; path = AudioEngine.swift; sourceTree = "<group>"; };
		6AAA1B03107EE9AB36D2CEAD /* SleepTimerActivity.swift in Sources-ext */ = {isa = PBXBuildFile; fileRef = 088A77B1655E183A232FF318 /* SleepTimerActivity.swift */; };
		6ABCF04E3E1163C2DF42D91F /* Hush.entitlements */ = {isa = PBXFileReference; lastKnownFileType = text.plist.entitlements; path = Hush.entitlements; sourceTree = "<group>"; };
		6ACE7BC297BF23705D4E5F56 /* Sources */ = {
			isa = PBXSourcesBuildPhase;
			buildActionMask = 2147483647;
			files = (
				BE0E3AC433F798FA382E5F48 /* AudioEngine.swift */,
				7BE912631F032D9F20BEC48D /* DSP.swift */,
				9A32CE149AE0285E057E1EE1 /* Renderer.swift */,
				E44F3BF16671FCF66B60C52C /* Textures.swift */,
				2548997D93F176A26D8E4E90 /* HushApp.swift */,
				C8213174A29AD2CDF45F6389 /* HushShortcuts.swift */,
				AEE923494A5113FA9ED857CF /* PlaybackActions.swift */,
				A3243FE2E9566B7F03E4F342 /* Entitlements.swift */,
				2D35DC6DCCC1023D43F6533E /* Journal.swift */,
				B9A41D108B24B4F33025B881 /* Library.swift */,
				6BFAC9ED23AC098A586D27E6 /* Persistence.swift */,
				FEE94900C1F2C9E43903DA99 /* Settings.swift */,
				5894304C6621B4472120997A /* AlarmNotifications.swift */,
				E52FFC8D1FB51E4EC59F11F8 /* HealthWriter.swift */,
				CBF6B89D09D836B062977C26 /* LiveActivityController.swift */,
				5BF39E041A8BE02762A02FBD /* NowPlayingCenter.swift */,
				04D708F3A6365FAF5DFC720E /* PlayerController.swift */,
				2C0491586E17173B9AE989DC /* Haptics.swift */,
				6B156330161D1EACBFB18D28 /* WidgetRefresher.swift */,
				4A1EE5B27179FFD578D6B8BB /* AlarmOverlay.swift */,
				886565EA1F2F46FCA45BD5EA /* BedsideView.swift */,
				2B885CA0C5A1E69BBB5BA409 /* BreathingBackdrop.swift */,
				CE25C79B46D6F8FA4BBC53FB /* Components.swift */,
				A0DDBB7C7646AE61686A858A /* MixesView.swift */,
				E9E38C36129928ED180DE6CC /* NowView.swift */,
				B20721493E0178DB8DB4491A /* RootView.swift */,
				CA7346DBDEBF5C8F87744A72 /* SettingsView.swift */,
				7E5FE49B08BC777604A7A5FC /* SoundsView.swift */,
				B7E3865CE43023A48CFED916 /* WakeView.swift */,
				E86C5A8E5DE7A8A07DD02B9B /* Formatters.swift */,
				9FE9EE8FC431BD8BC231B5B6 /* HushIntents.swift */,
				78AAC3BB18F56B7F076C2F32 /* Mix.swift */,
				08A0C071BD45562BD61988FA /* SharedState.swift */,
				8E581C6107454561BD617358 /* SleepTimerActivity.swift */,
				05F8975037B8B95F2F59C29F /* SoundCatalog.swift */,
				07990DC159C2290FD1631CB2 /* Theme.swift */,
			);
			runOnlyForDeploymentPostprocessing = 0;
		};
		6B156330161D1EACBFB18D28 /* WidgetRefresher.swift in Sources-app */ = {isa = PBXBuildFile; fileRef = B996ECD33946555F3A958AA2 /* WidgetRefresher.swift */; };
		6BFAC9ED23AC098A586D27E6 /* Persistence.swift in Sources-app */ = {isa = PBXBuildFile; fileRef = DF017553050E99663AA260ED /* Persistence.swift */; };
		6F7199ED7B63CDA338A0FB82 /* Products */ = {
			isa = PBXGroup;
			children = (
				81F31879437340D5CD6ED968 /* Hush.app */,
				1369DD924D2F7341DF644FA1 /* HushWidgets.appex */,
			);
			name = Products;
			sourceTree = "<group>";
		};
		70232BCDA04F75922108FBA0 /* LiveActivityController.swift */ = {isa = PBXFileReference; lastKnownFileType = sourcecode.swift; path = LiveActivityController.swift; sourceTree = "<group>"; };
		73A3D596670CDEE40848A039 /* Textures.swift */ = {isa = PBXFileReference; lastKnownFileType = sourcecode.swift; path = Textures.swift; sourceTree = "<group>"; };
		74D830426764D86D1F1F1E5E /* SettingsView.swift */ = {isa = PBXFileReference; lastKnownFileType = sourcecode.swift; path = SettingsView.swift; sourceTree = "<group>"; };
		767467B460279FC342A55349 /* HealthWriter.swift */ = {isa = PBXFileReference; lastKnownFileType = sourcecode.swift; path = HealthWriter.swift; sourceTree = "<group>"; };
		78AAC3BB18F56B7F076C2F32 /* Mix.swift in Sources-app */ = {isa = PBXBuildFile; fileRef = 9E1538CEB0014C73D960923A /* Mix.swift */; };
		7AA9FAD3E186F95F5ADB1961 /* WakeView.swift */ = {isa = PBXFileReference; lastKnownFileType = sourcecode.swift; path = WakeView.swift; sourceTree = "<group>"; };
		7BE912631F032D9F20BEC48D /* DSP.swift in Sources-app */ = {isa = PBXBuildFile; fileRef = 7F179F321DD7B92B692FF708 /* DSP.swift */; };
		7E5FE49B08BC777604A7A5FC /* SoundsView.swift in Sources-app */ = {isa = PBXBuildFile; fileRef = 1B93A0FBAA8E4DFEFED7C0E0 /* SoundsView.swift */; };
		7F179F321DD7B92B692FF708 /* DSP.swift */ = {isa = PBXFileReference; lastKnownFileType = sourcecode.swift; path = DSP.swift; sourceTree = "<group>"; };
		7F3366930C3A2335A7B6A5DD /* Formatters.swift */ = {isa = PBXFileReference; lastKnownFileType = sourcecode.swift; path = Formatters.swift; sourceTree = "<group>"; };
		8165C7E2715C51745F80A4AE /* HushApp.swift */ = {isa = PBXFileReference; lastKnownFileType = sourcecode.swift; path = HushApp.swift; sourceTree = "<group>"; };
		81F31879437340D5CD6ED968 /* Hush.app */ = {isa = PBXFileReference; explicitFileType = wrapper.application; includeInIndex = 0; path = Hush.app; sourceTree = BUILT_PRODUCTS_DIR; };
		82F876CF2687B22D6A4DB42E /* HushWidgets */ = {
			isa = PBXNativeTarget;
			buildConfigurationList = 157B5DFCB994D637E6F8628C;
			buildPhases = (
				E876E7D320F5D2924B02640F /* Sources */,
				5966360017D0790512C3A4A4 /* Frameworks */,
				E276E6F1CD3B9318C6E782AA /* Resources */,
			);
			buildRules = (
			);
			dependencies = (
			);
			name = HushWidgets;
			productName = HushWidgets;
			productReference = 1369DD924D2F7341DF644FA1 /* HushWidgets.appex */;
			productType = "com.apple.product-type.app-extension";
		};
		886565EA1F2F46FCA45BD5EA /* BedsideView.swift in Sources-app */ = {isa = PBXBuildFile; fileRef = 0F89527838B1B28A15F8561F /* BedsideView.swift */; };
		888EA2EE1AE6D7A8440DE5BB /* Release */ = {
			isa = XCBuildConfiguration;
			buildSettings = {
				CODE_SIGN_ENTITLEMENTS = HushWidgets/HushWidgets.entitlements;
				CODE_SIGN_STYLE = Automatic;
				CURRENT_PROJECT_VERSION = 1;
				GENERATE_INFOPLIST_FILE = NO;
				INFOPLIST_FILE = HushWidgets/Info.plist;
				LD_RUNPATH_SEARCH_PATHS = (
					"$(inherited)",
					"@executable_path/Frameworks",
					"@executable_path/../../Frameworks",
				);
				MARKETING_VERSION = 1.0;
				PRODUCT_BUNDLE_IDENTIFIER = dev.brettboggs.hush.widgets;
				PRODUCT_NAME = "$(TARGET_NAME)";
				SKIP_INSTALL = YES;
				SWIFT_EMIT_LOC_STRINGS = YES;
				TARGETED_DEVICE_FAMILY = 1;
			};
			name = Release;
		};
		8C1A045E96B998B40533C7FF /* Hush */ = {
			isa = PBXNativeTarget;
			buildConfigurationList = 5D32D499D7738AB763D0FB39;
			buildPhases = (
				6ACE7BC297BF23705D4E5F56 /* Sources */,
				13D58F750C9F7A867F986420 /* Frameworks */,
				EB12F685944315C425ABFF58 /* Resources */,
				C5F63ED2112A984EE448547F /* Embed Foundation Extensions */,
			);
			buildRules = (
			);
			dependencies = (
				B20EEEDF2E8C45D2CC0935EB /* PBXTargetDependency */,
			);
			name = Hush;
			productName = Hush;
			productReference = 81F31879437340D5CD6ED968 /* Hush.app */;
			productType = "com.apple.product-type.application";
		};
		8E36E15BE8A5E0B31D27B585 /* MixWidget.swift */ = {isa = PBXFileReference; lastKnownFileType = sourcecode.swift; path = MixWidget.swift; sourceTree = "<group>"; };
		8E581C6107454561BD617358 /* SleepTimerActivity.swift in Sources-app */ = {isa = PBXBuildFile; fileRef = 088A77B1655E183A232FF318 /* SleepTimerActivity.swift */; };
		8E5E5443B815C0A9A8AF39A4 /* Assets.xcassets */ = {isa = PBXFileReference; lastKnownFileType = folder.assetcatalog; path = Assets.xcassets; sourceTree = "<group>"; };
		8FFEF7CD4F3D418C9FF77493 /* SleepTimerLiveActivity.swift in Sources-ext */ = {isa = PBXBuildFile; fileRef = F0E6488041C21316828D5DA9 /* SleepTimerLiveActivity.swift */; };
		93E144F05C3D750B0907690F /* Renderer.swift */ = {isa = PBXFileReference; lastKnownFileType = sourcecode.swift; path = Renderer.swift; sourceTree = "<group>"; };
		952934C5F561C757DC607802 /* HushWidgetsBundle.swift */ = {isa = PBXFileReference; lastKnownFileType = sourcecode.swift; path = HushWidgetsBundle.swift; sourceTree = "<group>"; };
		9A32CE149AE0285E057E1EE1 /* Renderer.swift in Sources-app */ = {isa = PBXBuildFile; fileRef = 93E144F05C3D750B0907690F /* Renderer.swift */; };
		9E0FE992EBD742E70CD3E119 /* HushShortcuts.swift */ = {isa = PBXFileReference; lastKnownFileType = sourcecode.swift; path = HushShortcuts.swift; sourceTree = "<group>"; };
		9E1538CEB0014C73D960923A /* Mix.swift */ = {isa = PBXFileReference; lastKnownFileType = sourcecode.swift; path = Mix.swift; sourceTree = "<group>"; };
		9F6B1A7BCFF26D263B843F95 /* Build configuration list for project */ = {
			isa = XCConfigurationList;
			buildConfigurations = (
				5680B823D8A135F1D22C2A94 /* Debug */,
				58FBB177C49860E43AD7E92A /* Release */,
			);
			defaultConfigurationIsVisible = 0;
			defaultConfigurationName = Release;
		};
		9FE9EE8FC431BD8BC231B5B6 /* HushIntents.swift in Sources-app */ = {isa = PBXBuildFile; fileRef = B85900B251C489190ECB1EF4 /* HushIntents.swift */; };
		A0DDBB7C7646AE61686A858A /* MixesView.swift in Sources-app */ = {isa = PBXBuildFile; fileRef = 3755B2052C616D9637FEB313 /* MixesView.swift */; };
		A3243FE2E9566B7F03E4F342 /* Entitlements.swift in Sources-app */ = {isa = PBXBuildFile; fileRef = BDCD7FBB8C00DBDDD0399ABF /* Entitlements.swift */; };
		A4F26FAF97A8095E609EACFB /* Debug */ = {
			isa = XCBuildConfiguration;
			buildSettings = {
				CODE_SIGN_ENTITLEMENTS = HushWidgets/HushWidgets.entitlements;
				CODE_SIGN_STYLE = Automatic;
				CURRENT_PROJECT_VERSION = 1;
				GENERATE_INFOPLIST_FILE = NO;
				INFOPLIST_FILE = HushWidgets/Info.plist;
				LD_RUNPATH_SEARCH_PATHS = (
					"$(inherited)",
					"@executable_path/Frameworks",
					"@executable_path/../../Frameworks",
				);
				MARKETING_VERSION = 1.0;
				PRODUCT_BUNDLE_IDENTIFIER = dev.brettboggs.hush.widgets;
				PRODUCT_NAME = "$(TARGET_NAME)";
				SKIP_INSTALL = YES;
				SWIFT_EMIT_LOC_STRINGS = YES;
				TARGETED_DEVICE_FAMILY = 1;
			};
			name = Debug;
		};
		A61F5ABD538D08CA64E4C8FB /* Assets.xcassets in Resources-app */ = {isa = PBXBuildFile; fileRef = 8E5E5443B815C0A9A8AF39A4 /* Assets.xcassets */; };
		A72B39CE7694E88F0976C667 /* Components.swift */ = {isa = PBXFileReference; lastKnownFileType = sourcecode.swift; path = Components.swift; sourceTree = "<group>"; };
		AA0596BBDB4DCC95D5D4F10C = {
			isa = PBXGroup;
			children = (
				3975D8EDCE401413F5D7ECB2 /* Hush */,
				F167F6E42CF86E425EA1309B /* HushWidgets */,
				B8A7C4C7C43B9A2F11EEEA63 /* Shared */,
				6F7199ED7B63CDA338A0FB82 /* Products */,
			);
			sourceTree = "<group>";
		};
		ABF972E3FCA6FF3AC58AB102 /* RootView.swift */ = {isa = PBXFileReference; lastKnownFileType = sourcecode.swift; path = RootView.swift; sourceTree = "<group>"; };
		AD7FFC6F7FF0B9A7C413F34B /* Haptics.swift */ = {isa = PBXFileReference; lastKnownFileType = sourcecode.swift; path = Haptics.swift; sourceTree = "<group>"; };
		AEE923494A5113FA9ED857CF /* PlaybackActions.swift in Sources-app */ = {isa = PBXBuildFile; fileRef = EFC69B270D39F2744C8C32B5 /* PlaybackActions.swift */; };
		B197D265CA58090539549264 /* SharedState.swift in Sources-ext */ = {isa = PBXBuildFile; fileRef = 0676CFFDA5ADF25847BA6C86 /* SharedState.swift */; };
		B20721493E0178DB8DB4491A /* RootView.swift in Sources-app */ = {isa = PBXBuildFile; fileRef = ABF972E3FCA6FF3AC58AB102 /* RootView.swift */; };
		B20EEEDF2E8C45D2CC0935EB /* PBXTargetDependency */ = {
			isa = PBXTargetDependency;
			target = 82F876CF2687B22D6A4DB42E /* HushWidgets */;
			targetProxy = C158E9D2124632786092A592 /* PBXContainerItemProxy */;
		};
		B7E3865CE43023A48CFED916 /* WakeView.swift in Sources-app */ = {isa = PBXBuildFile; fileRef = 7AA9FAD3E186F95F5ADB1961 /* WakeView.swift */; };
		B85900B251C489190ECB1EF4 /* HushIntents.swift */ = {isa = PBXFileReference; lastKnownFileType = sourcecode.swift; path = HushIntents.swift; sourceTree = "<group>"; };
		B8A7C4C7C43B9A2F11EEEA63 /* Shared */ = {
			isa = PBXGroup;
			children = (
				7F3366930C3A2335A7B6A5DD /* Formatters.swift */,
				B85900B251C489190ECB1EF4 /* HushIntents.swift */,
				9E1538CEB0014C73D960923A /* Mix.swift */,
				0676CFFDA5ADF25847BA6C86 /* SharedState.swift */,
				088A77B1655E183A232FF318 /* SleepTimerActivity.swift */,
				BB24C74A95285E7427A5B78D /* SoundCatalog.swift */,
				C5F941F32786CE33C51BCE61 /* Theme.swift */,
			);
			path = Shared;
			sourceTree = "<group>";
		};
		B996ECD33946555F3A958AA2 /* WidgetRefresher.swift */ = {isa = PBXFileReference; lastKnownFileType = sourcecode.swift; path = WidgetRefresher.swift; sourceTree = "<group>"; };
		B9A41D108B24B4F33025B881 /* Library.swift in Sources-app */ = {isa = PBXBuildFile; fileRef = 38CC1EBAFEE0F6B477A61CB7 /* Library.swift */; };
		BA5DB1BA33AFB48E746E13EA /* HushControl.swift */ = {isa = PBXFileReference; lastKnownFileType = sourcecode.swift; path = HushControl.swift; sourceTree = "<group>"; };
		BB24C74A95285E7427A5B78D /* SoundCatalog.swift */ = {isa = PBXFileReference; lastKnownFileType = sourcecode.swift; path = SoundCatalog.swift; sourceTree = "<group>"; };
		BD388B391D4830857411A0A4 /* AlarmOverlay.swift */ = {isa = PBXFileReference; lastKnownFileType = sourcecode.swift; path = AlarmOverlay.swift; sourceTree = "<group>"; };
		BDCD7FBB8C00DBDDD0399ABF /* Entitlements.swift */ = {isa = PBXFileReference; lastKnownFileType = sourcecode.swift; path = Entitlements.swift; sourceTree = "<group>"; };
		BE0E3AC433F798FA382E5F48 /* AudioEngine.swift in Sources-app */ = {isa = PBXBuildFile; fileRef = 6A1305AF7B14903CB18968A3 /* AudioEngine.swift */; };
		BE20DE3A14213AA478796819 /* Intents */ = {
			isa = PBXGroup;
			children = (
				9E0FE992EBD742E70CD3E119 /* HushShortcuts.swift */,
				EFC69B270D39F2744C8C32B5 /* PlaybackActions.swift */,
			);
			path = Intents;
			sourceTree = "<group>";
		};
		BFA2132E02EE16E461E3A9DB /* BreathingBackdrop.swift */ = {isa = PBXFileReference; lastKnownFileType = sourcecode.swift; path = BreathingBackdrop.swift; sourceTree = "<group>"; };
		C158E9D2124632786092A592 /* PBXContainerItemProxy */ = {
			isa = PBXContainerItemProxy;
			containerPortal = 244210E48437B6556980A702 /* Project object */;
			proxyType = 1;
			remoteGlobalIDString = 82F876CF2687B22D6A4DB42E;
			remoteInfo = HushWidgets;
		};
		C5F63ED2112A984EE448547F /* Embed Foundation Extensions */ = {
			isa = PBXCopyFilesBuildPhase;
			buildActionMask = 2147483647;
			dstPath = "";
			dstSubfolderSpec = 13;
			files = (
				F3114644D59CB840B30C0F3B /* HushWidgets.appex */,
			);
			name = "Embed Foundation Extensions";
			runOnlyForDeploymentPostprocessing = 0;
		};
		C5F941F32786CE33C51BCE61 /* Theme.swift */ = {isa = PBXFileReference; lastKnownFileType = sourcecode.swift; path = Theme.swift; sourceTree = "<group>"; };
		C735829EC928AC386B3E3E71 /* Theme.swift in Sources-ext */ = {isa = PBXBuildFile; fileRef = C5F941F32786CE33C51BCE61 /* Theme.swift */; };
		C8213174A29AD2CDF45F6389 /* HushShortcuts.swift in Sources-app */ = {isa = PBXBuildFile; fileRef = 9E0FE992EBD742E70CD3E119 /* HushShortcuts.swift */; };
		CA7346DBDEBF5C8F87744A72 /* SettingsView.swift in Sources-app */ = {isa = PBXBuildFile; fileRef = 74D830426764D86D1F1F1E5E /* SettingsView.swift */; };
		CBF6B89D09D836B062977C26 /* LiveActivityController.swift in Sources-app */ = {isa = PBXBuildFile; fileRef = 70232BCDA04F75922108FBA0 /* LiveActivityController.swift */; };
		CE25C79B46D6F8FA4BBC53FB /* Components.swift in Sources-app */ = {isa = PBXBuildFile; fileRef = A72B39CE7694E88F0976C667 /* Components.swift */; };
		D011674C10791C501B373EE7 /* NowPlayingCenter.swift */ = {isa = PBXFileReference; lastKnownFileType = sourcecode.swift; path = NowPlayingCenter.swift; sourceTree = "<group>"; };
		DF017553050E99663AA260ED /* Persistence.swift */ = {isa = PBXFileReference; lastKnownFileType = sourcecode.swift; path = Persistence.swift; sourceTree = "<group>"; };
		E0616E7B6D876B1C9AB16482 /* Journal.swift */ = {isa = PBXFileReference; lastKnownFileType = sourcecode.swift; path = Journal.swift; sourceTree = "<group>"; };
		E276E6F1CD3B9318C6E782AA /* Resources */ = {
			isa = PBXResourcesBuildPhase;
			buildActionMask = 2147483647;
			files = (
			);
			runOnlyForDeploymentPostprocessing = 0;
		};
		E2938CD7815CB851050FBD5A /* SoundCatalog.swift in Sources-ext */ = {isa = PBXBuildFile; fileRef = BB24C74A95285E7427A5B78D /* SoundCatalog.swift */; };
		E44F3BF16671FCF66B60C52C /* Textures.swift in Sources-app */ = {isa = PBXBuildFile; fileRef = 73A3D596670CDEE40848A039 /* Textures.swift */; };
		E52FFC8D1FB51E4EC59F11F8 /* HealthWriter.swift in Sources-app */ = {isa = PBXBuildFile; fileRef = 767467B460279FC342A55349 /* HealthWriter.swift */; };
		E86C5A8E5DE7A8A07DD02B9B /* Formatters.swift in Sources-app */ = {isa = PBXBuildFile; fileRef = 7F3366930C3A2335A7B6A5DD /* Formatters.swift */; };
		E876E7D320F5D2924B02640F /* Sources */ = {
			isa = PBXSourcesBuildPhase;
			buildActionMask = 2147483647;
			files = (
				608FEB5D456BE9FDAB3CD9CB /* HushControl.swift */,
				48CC370140DB357E693A673D /* HushWidgetsBundle.swift */,
				F1786F3C126291DE09E478DD /* MixWidget.swift */,
				8FFEF7CD4F3D418C9FF77493 /* SleepTimerLiveActivity.swift */,
				66071F69993BEE90CF0DA731 /* Formatters.swift */,
				1100EC9AE92EFFAE27F866A8 /* HushIntents.swift */,
				F0C89545065A9594897AEBBF /* Mix.swift */,
				B197D265CA58090539549264 /* SharedState.swift */,
				6AAA1B03107EE9AB36D2CEAD /* SleepTimerActivity.swift */,
				E2938CD7815CB851050FBD5A /* SoundCatalog.swift */,
				C735829EC928AC386B3E3E71 /* Theme.swift */,
			);
			runOnlyForDeploymentPostprocessing = 0;
		};
		E9B4C61D80947F4187E3676C /* HushWidgets.entitlements */ = {isa = PBXFileReference; lastKnownFileType = text.plist.entitlements; path = HushWidgets.entitlements; sourceTree = "<group>"; };
		E9E38C36129928ED180DE6CC /* NowView.swift in Sources-app */ = {isa = PBXBuildFile; fileRef = 34B871794CDAC8D5E75472EB /* NowView.swift */; };
		EB12F685944315C425ABFF58 /* Resources */ = {
			isa = PBXResourcesBuildPhase;
			buildActionMask = 2147483647;
			files = (
				A61F5ABD538D08CA64E4C8FB /* Assets.xcassets */,
			);
			runOnlyForDeploymentPostprocessing = 0;
		};
		ECD3FF0D57E2FBF8BE98DC29 /* Release */ = {
			isa = XCBuildConfiguration;
			buildSettings = {
				ASSETCATALOG_COMPILER_APPICON_NAME = AppIcon;
				ASSETCATALOG_COMPILER_GLOBAL_ACCENT_COLOR_NAME = AccentColor;
				CODE_SIGN_ENTITLEMENTS = Hush/Hush.entitlements;
				CODE_SIGN_STYLE = Automatic;
				CURRENT_PROJECT_VERSION = 1;
				ENABLE_PREVIEWS = YES;
				GENERATE_INFOPLIST_FILE = NO;
				INFOPLIST_FILE = Hush/Info.plist;
				LD_RUNPATH_SEARCH_PATHS = (
					"$(inherited)",
					"@executable_path/Frameworks",
				);
				MARKETING_VERSION = 1.0;
				PRODUCT_BUNDLE_IDENTIFIER = dev.brettboggs.hush;
				PRODUCT_NAME = "$(TARGET_NAME)";
				SWIFT_EMIT_LOC_STRINGS = YES;
				TARGETED_DEVICE_FAMILY = 1;
			};
			name = Release;
		};
		EF19C69A107C529BF28BA8D4 /* Debug */ = {
			isa = XCBuildConfiguration;
			buildSettings = {
				ASSETCATALOG_COMPILER_APPICON_NAME = AppIcon;
				ASSETCATALOG_COMPILER_GLOBAL_ACCENT_COLOR_NAME = AccentColor;
				CODE_SIGN_ENTITLEMENTS = Hush/Hush.entitlements;
				CODE_SIGN_STYLE = Automatic;
				CURRENT_PROJECT_VERSION = 1;
				ENABLE_PREVIEWS = YES;
				GENERATE_INFOPLIST_FILE = NO;
				INFOPLIST_FILE = Hush/Info.plist;
				LD_RUNPATH_SEARCH_PATHS = (
					"$(inherited)",
					"@executable_path/Frameworks",
				);
				MARKETING_VERSION = 1.0;
				PRODUCT_BUNDLE_IDENTIFIER = dev.brettboggs.hush;
				PRODUCT_NAME = "$(TARGET_NAME)";
				SWIFT_EMIT_LOC_STRINGS = YES;
				TARGETED_DEVICE_FAMILY = 1;
			};
			name = Debug;
		};
		EFC69B270D39F2744C8C32B5 /* PlaybackActions.swift */ = {isa = PBXFileReference; lastKnownFileType = sourcecode.swift; path = PlaybackActions.swift; sourceTree = "<group>"; };
		F0C89545065A9594897AEBBF /* Mix.swift in Sources-ext */ = {isa = PBXBuildFile; fileRef = 9E1538CEB0014C73D960923A /* Mix.swift */; };
		F0E6488041C21316828D5DA9 /* SleepTimerLiveActivity.swift */ = {isa = PBXFileReference; lastKnownFileType = sourcecode.swift; path = SleepTimerLiveActivity.swift; sourceTree = "<group>"; };
		F167F6E42CF86E425EA1309B /* HushWidgets */ = {
			isa = PBXGroup;
			children = (
				BA5DB1BA33AFB48E746E13EA /* HushControl.swift */,
				E9B4C61D80947F4187E3676C /* HushWidgets.entitlements */,
				952934C5F561C757DC607802 /* HushWidgetsBundle.swift */,
				624116544C9B92EF77B83BA5 /* Info.plist */,
				8E36E15BE8A5E0B31D27B585 /* MixWidget.swift */,
				F0E6488041C21316828D5DA9 /* SleepTimerLiveActivity.swift */,
			);
			path = HushWidgets;
			sourceTree = "<group>";
		};
		F1786F3C126291DE09E478DD /* MixWidget.swift in Sources-ext */ = {isa = PBXBuildFile; fileRef = 8E36E15BE8A5E0B31D27B585 /* MixWidget.swift */; };
		F2558D2A09D2C9B7366BF064 /* Settings.swift */ = {isa = PBXFileReference; lastKnownFileType = sourcecode.swift; path = Settings.swift; sourceTree = "<group>"; };
		F3114644D59CB840B30C0F3B /* HushWidgets.appex in Embed Foundation Extensions */ = {isa = PBXBuildFile; fileRef = 1369DD924D2F7341DF644FA1 /* HushWidgets.appex */; settings = {ATTRIBUTES = (RemoveHeadersOnCopy, ); }; };
		FC3E3BC4EF464435E69F6651 /* Views */ = {
			isa = PBXGroup;
			children = (
				BD388B391D4830857411A0A4 /* AlarmOverlay.swift */,
				0F89527838B1B28A15F8561F /* BedsideView.swift */,
				BFA2132E02EE16E461E3A9DB /* BreathingBackdrop.swift */,
				A72B39CE7694E88F0976C667 /* Components.swift */,
				3755B2052C616D9637FEB313 /* MixesView.swift */,
				34B871794CDAC8D5E75472EB /* NowView.swift */,
				ABF972E3FCA6FF3AC58AB102 /* RootView.swift */,
				74D830426764D86D1F1F1E5E /* SettingsView.swift */,
				1B93A0FBAA8E4DFEFED7C0E0 /* SoundsView.swift */,
				7AA9FAD3E186F95F5ADB1961 /* WakeView.swift */,
			);
			path = Views;
			sourceTree = "<group>";
		};
		FC77337805E59E333EA8C1C9 /* Model */ = {
			isa = PBXGroup;
			children = (
				BDCD7FBB8C00DBDDD0399ABF /* Entitlements.swift */,
				E0616E7B6D876B1C9AB16482 /* Journal.swift */,
				38CC1EBAFEE0F6B477A61CB7 /* Library.swift */,
				DF017553050E99663AA260ED /* Persistence.swift */,
				F2558D2A09D2C9B7366BF064 /* Settings.swift */,
			);
			path = Model;
			sourceTree = "<group>";
		};
		FEE94900C1F2C9E43903DA99 /* Settings.swift in Sources-app */ = {isa = PBXBuildFile; fileRef = F2558D2A09D2C9B7366BF064 /* Settings.swift */; };
	};
	rootObject = 244210E48437B6556980A702 /* Project object */;
}
